// !$*UTF8*$!
{
	archiveVersion = 1;
	classes = {
	};
	objectVersion = 56;
	objects = {

/* Begin PBXBuildFile section */
		076C95C62B53FA5B00894CF0 /* TasheelSDKDemoApp.swift in Sources */ = {isa = PBXBuildFile; fileRef = 076C95C52B53FA5B00894CF0 /* TasheelSDKDemoApp.swift */; };
		076C95C82B53FA5B00894CF0 /* ContentView.swift in Sources */ = {isa = PBXBuildFile; fileRef = 076C95C72B53FA5B00894CF0 /* ContentView.swift */; };
		076C95CA2B53FA5D00894CF0 /* Assets.xcassets in Resources */ = {isa = PBXBuildFile; fileRef = 076C95C92B53FA5D00894CF0 /* Assets.xcassets */; };
		076C95CD2B53FA5D00894CF0 /* Preview Assets.xcassets in Resources */ = {isa = PBXBuildFile; fileRef = 076C95CC2B53FA5D00894CF0 /* Preview Assets.xcassets */; };
		076C95D72B53FA5D00894CF0 /* TasheelSDKDemoTests.swift in Sources */ = {isa = PBXBuildFile; fileRef = 076C95D62B53FA5D00894CF0 /* TasheelSDKDemoTests.swift */; };
		076C95E12B53FA5D00894CF0 /* TasheelSDKDemoUITests.swift in Sources */ = {isa = PBXBuildFile; fileRef = 076C95E02B53FA5D00894CF0 /* TasheelSDKDemoUITests.swift */; };
		076C95E32B53FA5D00894CF0 /* TasheelSDKDemoUITestsLaunchTests.swift in Sources */ = {isa = PBXBuildFile; fileRef = 076C95E22B53FA5D00894CF0 /* TasheelSDKDemoUITestsLaunchTests.swift */; };
		07DF3A0B2BD90955008EDFE8 /* TasheelSDK.xcframework in Frameworks */ = {isa = PBXBuildFile; fileRef = 07DF3A0A2BD90955008EDFE8 /* TasheelSDK.xcframework */; };
		07DF3A0C2BD9096F008EDFE8 /* TasheelSDK.xcframework in Embed Frameworks */ = {isa = PBXBuildFile; fileRef = 07DF3A0A2BD90955008EDFE8 /* TasheelSDK.xcframework */; settings = {ATTRIBUTES = (CodeSignOnCopy, RemoveHeadersOnCopy, ); }; };
/* End PBXBuildFile section */

/* Begin PBXContainerItemProxy section */
		076C95D32B53FA5D00894CF0 /* PBXContainerItemProxy */ = {
			isa = PBXContainerItemProxy;
			containerPortal = 076C95BA2B53FA5B00894CF0 /* Project object */;
			proxyType = 1;
			remoteGlobalIDString = 076C95C12B53FA5B00894CF0;
			remoteInfo = TasheelSDKDemo;
		};
		076C95DD2B53FA5D00894CF0 /* PBXContainerItemProxy */ = {
			isa = PBXContainerItemProxy;
			containerPortal = 076C95BA2B53FA5B00894CF0 /* Project object */;
			proxyType = 1;
			remoteGlobalIDString = 076C95C12B53FA5B00894CF0;
			remoteInfo = TasheelSDKDemo;
		};
/* End PBXContainerItemProxy section */

/* Begin PBXCopyFilesBuildPhase section */
		076C96002B5407DE00894CF0 /* Embed Frameworks */ = {
			isa = PBXCopyFilesBuildPhase;
			buildActionMask = 2147483647;
			dstPath = "";
			dstSubfolderSpec = 10;
			files = (
				07DF3A0C2BD9096F008EDFE8 /* TasheelSDK.xcframework in Embed Frameworks */,
			);
			name = "Embed Frameworks";
			runOnlyForDeploymentPostprocessing = 0;
		};
/* End PBXCopyFilesBuildPhase section */

/* Begin PBXFileReference section */
		076C95C22B53FA5B00894CF0 /* TasheelSDKDemo.app */ = {isa = PBXFileReference; explicitFileType = wrapper.application; includeInIndex = 0; path = TasheelSDKDemo.app; sourceTree = BUILT_PRODUCTS_DIR; };
		076C95C52B53FA5B00894CF0 /* TasheelSDKDemoApp.swift */ = {isa = PBXFileReference; lastKnownFileType = sourcecode.swift; path = TasheelSDKDemoApp.swift; sourceTree = "<group>"; };
		076C95C72B53FA5B00894CF0 /* ContentView.swift */ = {isa = PBXFileReference; lastKnownFileType = sourcecode.swift; path = ContentView.swift; sourceTree = "<group>"; };
		076C95C92B53FA5D00894CF0 /* Assets.xcassets */ = {isa = PBXFileReference; lastKnownFileType = folder.assetcatalog; path = Assets.xcassets; sourceTree = "<group>"; };
		076C95CC2B53FA5D00894CF0 /* Preview Assets.xcassets */ = {isa = PBXFileReference; lastKnownFileType = folder.assetcatalog; path = "Preview Assets.xcassets"; sourceTree = "<group>"; };
		076C95D22B53FA5D00894CF0 /* TasheelSDKDemoTests.xctest */ = {isa = PBXFileReference; explicitFileType = wrapper.cfbundle; includeInIndex = 0; path = TasheelSDKDemoTests.xctest; sourceTree = BUILT_PRODUCTS_DIR; };
		076C95D62B53FA5D00894CF0 /* TasheelSDKDemoTests.swift */ = {isa = PBXFileReference; lastKnownFileType = sourcecode.swift; path = TasheelSDKDemoTests.swift; sourceTree = "<group>"; };
		076C95DC2B53FA5D00894CF0 /* TasheelSDKDemoUITests.xctest */ = {isa = PBXFileReference; explicitFileType = wrapper.cfbundle; includeInIndex = 0; path = TasheelSDKDemoUITests.xctest; sourceTree = BUILT_PRODUCTS_DIR; };
		076C95E02B53FA5D00894CF0 /* TasheelSDKDemoUITests.swift */ = {isa = PBXFileReference; lastKnownFileType = sourcecode.swift; path = TasheelSDKDemoUITests.swift; sourceTree = "<group>"; };
		076C95E22B53FA5D00894CF0 /* TasheelSDKDemoUITestsLaunchTests.swift */ = {isa = PBXFileReference; lastKnownFileType = sourcecode.swift; path = TasheelSDKDemoUITestsLaunchTests.swift; sourceTree = "<group>"; };
		07DF3A0A2BD90955008EDFE8 /* TasheelSDK.xcframework */ = {isa = PBXFileReference; lastKnownFileType = wrapper.xcframework; path = TasheelSDK.xcframework; sourceTree = "<group>"; };
/* End PBXFileReference section */

/* Begin PBXFrameworksBuildPhase section */
		076C95BF2B53FA5B00894CF0 /* Frameworks */ = {
			isa = PBXFrameworksBuildPhase;
			buildActionMask = 2147483647;
			files = (
				07DF3A0B2BD90955008EDFE8 /* TasheelSDK.xcframework in Frameworks */,
			);
			runOnlyForDeploymentPostprocessing = 0;
		};
		076C95CF2B53FA5D00894CF0 /* Frameworks */ = {
			isa = PBXFrameworksBuildPhase;
			buildActionMask = 2147483647;
			files = (
			);
			runOnlyForDeploymentPostprocessing = 0;
		};
		076C95D92B53FA5D00894CF0 /* Frameworks */ = {
			isa = PBXFrameworksBuildPhase;
			buildActionMask = 2147483647;
			files = (
			);
			runOnlyForDeploymentPostprocessing = 0;
		};
/* End PBXFrameworksBuildPhase section */

/* Begin PBXGroup section */
		076C95B92B53FA5B00894CF0 = {
			isa = PBXGroup;
			children = (
				076C95C42B53FA5B00894CF0 /* TasheelSDKDemo */,
				076C95D52B53FA5D00894CF0 /* TasheelSDKDemoTests */,
				076C95DF2B53FA5D00894CF0 /* TasheelSDKDemoUITests */,
				076C95C32B53FA5B00894CF0 /* Products */,
				076C95EF2B53FEBD00894CF0 /* Frameworks */,
			);
			sourceTree = "<group>";
		};
		076C95C32B53FA5B00894CF0 /* Products */ = {
			isa = PBXGroup;
			children = (
				076C95C22B53FA5B00894CF0 /* TasheelSDKDemo.app */,
				076C95D22B53FA5D00894CF0 /* TasheelSDKDemoTests.xctest */,
				076C95DC2B53FA5D00894CF0 /* TasheelSDKDemoUITests.xctest */,
			);
			name = Products;
			sourceTree = "<group>";
		};
		076C95C42B53FA5B00894CF0 /* TasheelSDKDemo */ = {
			isa = PBXGroup;
			children = (
				076C95C52B53FA5B00894CF0 /* TasheelSDKDemoApp.swift */,
				076C95C72B53FA5B00894CF0 /* ContentView.swift */,
				076C95C92B53FA5D00894CF0 /* Assets.xcassets */,
				076C95CB2B53FA5D00894CF0 /* Preview Content */,
			);
			path = TasheelSDKDemo;
			sourceTree = "<group>";
		};
		076C95CB2B53FA5D00894CF0 /* Preview Content */ = {
			isa = PBXGroup;
			children = (
				076C95CC2B53FA5D00894CF0 /* Preview Assets.xcassets */,
			);
			path = "Preview Content";
			sourceTree = "<group>";
		};
		076C95D52B53FA5D00894CF0 /* TasheelSDKDemoTests */ = {
			isa = PBXGroup;
			children = (
				076C95D62B53FA5D00894CF0 /* TasheelSDKDemoTests.swift */,
			);
			path = TasheelSDKDemoTests;
			sourceTree = "<group>";
		};
		076C95DF2B53FA5D00894CF0 /* TasheelSDKDemoUITests */ = {
			isa = PBXGroup;
			children = (
				076C95E02B53FA5D00894CF0 /* TasheelSDKDemoUITests.swift */,
				076C95E22B53FA5D00894CF0 /* TasheelSDKDemoUITestsLaunchTests.swift */,
			);
			path = TasheelSDKDemoUITests;
			sourceTree = "<group>";
		};
		076C95EF2B53FEBD00894CF0 /* Frameworks */ = {
			isa = PBXGroup;
			children = (
				07DF3A0A2BD90955008EDFE8 /* TasheelSDK.xcframework */,
			);
			name = Frameworks;
			sourceTree = "<group>";
		};
/* End PBXGroup section */

/* Begin PBXNativeTarget section */
		076C95C12B53FA5B00894CF0 /* TasheelSDKDemo */ = {
			isa = PBXNativeTarget;
			buildConfigurationList = 076C95E62B53FA5D00894CF0 /* Build configuration list for PBXNativeTarget "TasheelSDKDemo" */;
			buildPhases = (
				076C95BE2B53FA5B00894CF0 /* Sources */,
				076C95BF2B53FA5B00894CF0 /* Frameworks */,
				076C95C02B53FA5B00894CF0 /* Resources */,
				076C96002B5407DE00894CF0 /* Embed Frameworks */,
			);
			buildRules = (
			);
			dependencies = (
			);
			name = TasheelSDKDemo;
			productName = TasheelSDKDemo;
			productReference = 076C95C22B53FA5B00894CF0 /* TasheelSDKDemo.app */;
			productType = "com.apple.product-type.application";
		};
		076C95D12B53FA5D00894CF0 /* TasheelSDKDemoTests */ = {
			isa = PBXNativeTarget;
			buildConfigurationList = 076C95E92B53FA5D00894CF0 /* Build configuration list for PBXNativeTarget "TasheelSDKDemoTests" */;
			buildPhases = (
				076C95CE2B53FA5D00894CF0 /* Sources */,
				076C95CF2B53FA5D00894CF0 /* Frameworks */,
				076C95D02B53FA5D00894CF0 /* Resources */,
			);
			buildRules = (
			);
			dependencies = (
				076C95D42B53FA5D00894CF0 /* PBXTargetDependency */,
			);
			name = TasheelSDKDemoTests;
			productName = TasheelSDKDemoTests;
			productReference = 076C95D22B53FA5D00894CF0 /* TasheelSDKDemoTests.xctest */;
			productType = "com.apple.product-type.bundle.unit-test";
		};
		076C95DB2B53FA5D00894CF0 /* TasheelSDKDemoUITests */ = {
			isa = PBXNativeTarget;
			buildConfigurationList = 076C95EC2B53FA5D00894CF0 /* Build configuration list for PBXNativeTarget "TasheelSDKDemoUITests" */;
			buildPhases = (
				076C95D82B53FA5D00894CF0 /* Sources */,
				076C95D92B53FA5D00894CF0 /* Frameworks */,
				076C95DA2B53FA5D00894CF0 /* Resources */,
			);
			buildRules = (
			);
			dependencies = (
				076C95DE2B53FA5D00894CF0 /* PBXTargetDependency */,
			);
			name = TasheelSDKDemoUITests;
			productName = TasheelSDKDemoUITests;
			productReference = 076C95DC2B53FA5D00894CF0 /* TasheelSDKDemoUITests.xctest */;
			productType = "com.apple.product-type.bundle.ui-testing";
		};
/* End PBXNativeTarget section */

/* Begin PBXProject section */
		076C95BA2B53FA5B00894CF0 /* Project object */ = {
			isa = PBXProject;
			attributes = {
				BuildIndependentTargetsInParallel = 1;
				LastSwiftUpdateCheck = 1520;
				LastUpgradeCheck = 1520;
				TargetAttributes = {
					076C95C12B53FA5B00894CF0 = {
						CreatedOnToolsVersion = 15.2;
					};
					076C95D12B53FA5D00894CF0 = {
						CreatedOnToolsVersion = 15.2;
						TestTargetID = 076C95C12B53FA5B00894CF0;
					};
					076C95DB2B53FA5D00894CF0 = {
						CreatedOnToolsVersion = 15.2;
						TestTargetID = 076C95C12B53FA5B00894CF0;
					};
				};
			};
			buildConfigurationList = 076C95BD2B53FA5B00894CF0 /* Build configuration list for PBXProject "TasheelSDKDemo" */;
			compatibilityVersion = "Xcode 14.0";
			developmentRegion = en;
			hasScannedForEncodings = 0;
			knownRegions = (
				en,
				Base,
			);
			mainGroup = 076C95B92B53FA5B00894CF0;
			productRefGroup = 076C95C32B53FA5B00894CF0 /* Products */;
			projectDirPath = "";
			projectRoot = "";
			targets = (
				076C95C12B53FA5B00894CF0 /* TasheelSDKDemo */,
				076C95D12B53FA5D00894CF0 /* TasheelSDKDemoTests */,
				076C95DB2B53FA5D00894CF0 /* TasheelSDKDemoUITests */,
			);
		};
/* End PBXProject section */

/* Begin PBXResourcesBuildPhase section */
		076C95C02B53FA5B00894CF0 /* Resources */ = {
			isa = PBXResourcesBuildPhase;
			buildActionMask = 2147483647;
			files = (
				076C95CD2B53FA5D00894CF0 /* Preview Assets.xcassets in Resources */,
				076C95CA2B53FA5D00894CF0 /* Assets.xcassets in Resources */,
			);
			runOnlyForDeploymentPostprocessing = 0;
		};
		076C95D02B53FA5D00894CF0 /* Resources */ = {
			isa = PBXResourcesBuildPhase;
			buildActionMask = 2147483647;
			files = (
			);
			runOnlyForDeploymentPostprocessing = 0;
		};
		076C95DA2B53FA5D00894CF0 /* Resources */ = {
			isa = PBXResourcesBuildPhase;
			buildActionMask = 2147483647;
			files = (
			);
			runOnlyForDeploymentPostprocessing = 0;
		};
/* End PBXResourcesBuildPhase section */

/* Begin PBXSourcesBuildPhase section */
		076C95BE2B53FA5B00894CF0 /* Sources */ = {
			isa = PBXSourcesBuildPhase;
			buildActionMask = 2147483647;
			files = (
				076C95C82B53FA5B00894CF0 /* ContentView.swift in Sources */,
				076C95C62B53FA5B00894CF0 /* TasheelSDKDemoApp.swift in Sources */,
			);
			runOnlyForDeploymentPostprocessing = 0;
		};
		076C95CE2B53FA5D00894CF0 /* Sources */ = {
			isa = PBXSourcesBuildPhase;
			buildActionMask = 2147483647;
			files = (
				076C95D72B53FA5D00894CF0 /* TasheelSDKDemoTests.swift in Sources */,
			);
			runOnlyForDeploymentPostprocessing = 0;
		};
		076C95D82B53FA5D00894CF0 /* Sources */ = {
			isa = PBXSourcesBuildPhase;
			buildActionMask = 2147483647;
			files = (
				076C95E12B53FA5D00894CF0 /* TasheelSDKDemoUITests.swift in Sources */,
				076C95E32B53FA5D00894CF0 /* TasheelSDKDemoUITestsLaunchTests.swift in Sources */,
			);
			runOnlyForDeploymentPostprocessing = 0;
		};
/* End PBXSourcesBuildPhase section */

/* Begin PBXTargetDependency section */
		076C95D42B53FA5D00894CF0 /* PBXTargetDependency */ = {
			isa = PBXTargetDependency;
			target = 076C95C12B53FA5B00894CF0 /* TasheelSDKDemo */;
			targetProxy = 076C95D32B53FA5D00894CF0 /* PBXContainerItemProxy */;
		};
		076C95DE2B53FA5D00894CF0 /* PBXTargetDependency */ = {
			isa = PBXTargetDependency;
			target = 076C95C12B53FA5B00894CF0 /* TasheelSDKDemo */;
			targetProxy = 076C95DD2B53FA5D00894CF0 /* PBXContainerItemProxy */;
		};
/* End PBXTargetDependency section */

/* Begin XCBuildConfiguration section */
		076C95E42B53FA5D00894CF0 /* Debug */ = {
			isa = XCBuildConfiguration;
			buildSettings = {
				ALWAYS_SEARCH_USER_PATHS = NO;
				ASSETCATALOG_COMPILER_GENERATE_SWIFT_ASSET_SYMBOL_EXTENSIONS = YES;
				CLANG_ANALYZER_NONNULL = YES;
				CLANG_ANALYZER_NUMBER_OBJECT_CONVERSION = YES_AGGRESSIVE;
				CLANG_CXX_LANGUAGE_STANDARD = "gnu++20";
				CLANG_ENABLE_MODULES = YES;
				CLANG_ENABLE_OBJC_ARC = YES;
				CLANG_ENABLE_OBJC_WEAK = YES;
				CLANG_WARN_BLOCK_CAPTURE_AUTORELEASING = YES;
				CLANG_WARN_BOOL_CONVERSION = YES;
				CLANG_WARN_COMMA = YES;
				CLANG_WARN_CONSTANT_CONVERSION = YES;
				CLANG_WARN_DEPRECATED_OBJC_IMPLEMENTATIONS = YES;
				CLANG_WARN_DIRECT_OBJC_ISA_USAGE = YES_ERROR;
				CLANG_WARN_DOCUMENTATION_COMMENTS = YES;
				CLANG_WARN_EMPTY_BODY = YES;
				CLANG_WARN_ENUM_CONVERSION = YES;
				CLANG_WARN_INFINITE_RECURSION = YES;
				CLANG_WARN_INT_CONVERSION = YES;
				CLANG_WARN_NON_LITERAL_NULL_CONVERSION = YES;
				CLANG_WARN_OBJC_IMPLICIT_RETAIN_SELF = YES;
				CLANG_WARN_OBJC_LITERAL_CONVERSION = YES;
				CLANG_WARN_OBJC_ROOT_CLASS = YES_ERROR;
				CLANG_WARN_QUOTED_INCLUDE_IN_FRAMEWORK_HEADER = YES;
				CLANG_WARN_RANGE_LOOP_ANALYSIS = YES;
				CLANG_WARN_STRICT_PROTOTYPES = YES;
				CLANG_WARN_SUSPICIOUS_MOVE = YES;
				CLANG_WARN_UNGUARDED_AVAILABILITY = YES_AGGRESSIVE;
				CLANG_WARN_UNREACHABLE_CODE = YES;
				CLANG_WARN__DUPLICATE_METHOD_MATCH = YES;
				COPY_PHASE_STRIP = NO;
				DEBUG_INFORMATION_FORMAT = dwarf;
				ENABLE_STRICT_OBJC_MSGSEND = YES;
				ENABLE_TESTABILITY = YES;
				ENABLE_USER_SCRIPT_SANDBOXING = YES;
				GCC_C_LANGUAGE_STANDARD = gnu17;
				GCC_DYNAMIC_NO_PIC = NO;
				GCC_NO_COMMON_BLOCKS = YES;
				GCC_OPTIMIZATION_LEVEL = 0;
				GCC_PREPROCESSOR_DEFINITIONS = (
					"DEBUG=1",
					"$(inherited)",
				);
				GCC_WARN_64_TO_32_BIT_CONVERSION = YES;
				GCC_WARN_ABOUT_RETURN_TYPE = YES_ERROR;
				GCC_WARN_UNDECLARED_SELECTOR = YES;
				GCC_WARN_UNINITIALIZED_AUTOS = YES_AGGRESSIVE;
				GCC_WARN_UNUSED_FUNCTION = YES;
				GCC_WARN_UNUSED_VARIABLE = YES;
				IPHONEOS_DEPLOYMENT_TARGET = 17.2;
				LOCALIZATION_PREFERS_STRING_CATALOGS = YES;
				MTL_ENABLE_DEBUG_INFO = INCLUDE_SOURCE;
				MTL_FAST_MATH = YES;
				ONLY_ACTIVE_ARCH = YES;
				SDKROOT = iphoneos;
				SWIFT_ACTIVE_COMPILATION_CONDITIONS = "DEBUG $(inherited)";
				SWIFT_OPTIMIZATION_LEVEL = "-Onone";
			};
			name = Debug;
		};
		076C95E52B53FA5D00894CF0 /* Release */ = {
			isa = XCBuildConfiguration;
			buildSettings = {
				ALWAYS_SEARCH_USER_PATHS = NO;
				ASSETCATALOG_COMPILER_GENERATE_SWIFT_ASSET_SYMBOL_EXTENSIONS = YES;
				CLANG_ANALYZER_NONNULL = YES;
				CLANG_ANALYZER_NUMBER_OBJECT_CONVERSION = YES_AGGRESSIVE;
				CLANG_CXX_LANGUAGE_STANDARD = "gnu++20";
				CLANG_ENABLE_MODULES = YES;
				CLANG_ENABLE_OBJC_ARC = YES;
				CLANG_ENABLE_OBJC_WEAK = YES;
				CLANG_WARN_BLOCK_CAPTURE_AUTORELEASING = YES;
				CLANG_WARN_BOOL_CONVERSION = YES;
				CLANG_WARN_COMMA = YES;
				CLANG_WARN_CONSTANT_CONVERSION = YES;
				CLANG_WARN_DEPRECATED_OBJC_IMPLEMENTATIONS = YES;
				CLANG_WARN_DIRECT_OBJC_ISA_USAGE = YES_ERROR;
				CLANG_WARN_DOCUMENTATION_COMMENTS = YES;
				CLANG_WARN_EMPTY_BODY = YES;
				CLANG_WARN_ENUM_CONVERSION = YES;
				CLANG_WARN_INFINITE_RECURSION = YES;
				CLANG_WARN_INT_CONVERSION = YES;
				CLANG_WARN_NON_LITERAL_NULL_CONVERSION = YES;
				CLANG_WARN_OBJC_IMPLICIT_RETAIN_SELF = YES;
				CLANG_WARN_OBJC_LITERAL_CONVERSION = YES;
				CLANG_WARN_OBJC_ROOT_CLASS = YES_ERROR;
				CLANG_WARN_QUOTED_INCLUDE_IN_FRAMEWORK_HEADER = YES;
				CLANG_WARN_RANGE_LOOP_ANALYSIS = YES;
				CLANG_WARN_STRICT_PROTOTYPES = YES;
				CLANG_WARN_SUSPICIOUS_MOVE = YES;
				CLANG_WARN_UNGUARDED_AVAILABILITY = YES_AGGRESSIVE;
				CLANG_WARN_UNREACHABLE_CODE = YES;
				CLANG_WARN__DUPLICATE_METHOD_MATCH = YES;
				COPY_PHASE_STRIP = NO;
				DEBUG_INFORMATION_FORMAT = "dwarf-with-dsym";
				ENABLE_NS_ASSERTIONS = NO;
				ENABLE_STRICT_OBJC_MSGSEND = YES;
				ENABLE_USER_SCRIPT_SANDBOXING = YES;
				GCC_C_LANGUAGE_STANDARD = gnu17;
				GCC_NO_COMMON_BLOCKS = YES;
				GCC_WARN_64_TO_32_BIT_CONVERSION = YES;
				GCC_WARN_ABOUT_RETURN_TYPE = YES_ERROR;
				GCC_WARN_UNDECLARED_SELECTOR = YES;
				GCC_WARN_UNINITIALIZED_AUTOS = YES_AGGRESSIVE;
				GCC_WARN_UNUSED_FUNCTION = YES;
				GCC_WARN_UNUSED_VARIABLE = YES;
				IPHONEOS_DEPLOYMENT_TARGET = 17.2;
				LOCALIZATION_PREFERS_STRING_CATALOGS = YES;
				MTL_ENABLE_DEBUG_INFO = NO;
				MTL_FAST_MATH = YES;
				SDKROOT = iphoneos;
				SWIFT_COMPILATION_MODE = wholemodule;
				VALIDATE_PRODUCT = YES;
			};
			name = Release;
		};
		076C95E72B53FA5D00894CF0 /* Debug */ = {
			isa = XCBuildConfiguration;
			buildSettings = {
				ASSETCATALOG_COMPILER_APPICON_NAME = AppIcon;
				ASSETCATALOG_COMPILER_GLOBAL_ACCENT_COLOR_NAME = AccentColor;
				CODE_SIGN_STYLE = Automatic;
				CURRENT_PROJECT_VERSION = 1;
				DEVELOPMENT_ASSET_PATHS = "\"TasheelSDKDemo/Preview Content\"";
				DEVELOPMENT_TEAM = "";
				ENABLE_PREVIEWS = YES;
				GENERATE_INFOPLIST_FILE = YES;
				INFOPLIST_KEY_UIApplicationSceneManifest_Generation = YES;
				INFOPLIST_KEY_UIApplicationSupportsIndirectInputEvents = YES;
				INFOPLIST_KEY_UILaunchScreen_Generation = YES;
				INFOPLIST_KEY_UISupportedInterfaceOrientations_iPad = "UIInterfaceOrientationPortrait UIInterfaceOrientationPortraitUpsideDown UIInterfaceOrientationLandscapeLeft UIInterfaceOrientationLandscapeRight";
				INFOPLIST_KEY_UISupportedInterfaceOrientations_iPhone = "UIInterfaceOrientationPortrait UIInterfaceOrientationLandscapeLeft UIInterfaceOrientationLandscapeRight";
				IPHONEOS_DEPLOYMENT_TARGET = 15.0;
				LD_RUNPATH_SEARCH_PATHS = (
					"$(inherited)",
					"@executable_path/Frameworks",
				);
				MARKETING_VERSION = 1.0;
				PRODUCT_BUNDLE_IDENTIFIER = "com.procco.UCFS-TAS-HEEL.TasheelSDKDemo";
				PRODUCT_NAME = "$(TARGET_NAME)";
				SUPPORTED_PLATFORMS = "iphoneos iphonesimulator";
				SUPPORTS_MACCATALYST = NO;
				SUPPORTS_MAC_DESIGNED_FOR_IPHONE_IPAD = NO;
				SUPPORTS_XR_DESIGNED_FOR_IPHONE_IPAD = NO;
				SWIFT_EMIT_LOC_STRINGS = YES;
				SWIFT_VERSION = 5.0;
				TARGETED_DEVICE_FAMILY = "1,2";
			};
			name = Debug;
		};
		076C95E82B53FA5D00894CF0 /* Release */ = {
			isa = XCBuildConfiguration;
			buildSettings = {
				ASSETCATALOG_COMPILER_APPICON_NAME = AppIcon;
				ASSETCATALOG_COMPILER_GLOBAL_ACCENT_COLOR_NAME = AccentColor;
				CODE_SIGN_STYLE = Automatic;
				CURRENT_PROJECT_VERSION = 1;
				DEVELOPMENT_ASSET_PATHS = "\"TasheelSDKDemo/Preview Content\"";
				DEVELOPMENT_TEAM = "";
				ENABLE_PREVIEWS = YES;
				GENERATE_INFOPLIST_FILE = YES;
				INFOPLIST_KEY_UIApplicationSceneManifest_Generation = YES;
				INFOPLIST_KEY_UIApplicationSupportsIndirectInputEvents = YES;
				INFOPLIST_KEY_UILaunchScreen_Generation = YES;
				INFOPLIST_KEY_UISupportedInterfaceOrientations_iPad = "UIInterfaceOrientationPortrait UIInterfaceOrientationPortraitUpsideDown UIInterfaceOrientationLandscapeLeft UIInterfaceOrientationLandscapeRight";
				INFOPLIST_KEY_UISupportedInterfaceOrientations_iPhone = "UIInterfaceOrientationPortrait UIInterfaceOrientationLandscapeLeft UIInterfaceOrientationLandscapeRight";
				IPHONEOS_DEPLOYMENT_TARGET = 15.0;
				LD_RUNPATH_SEARCH_PATHS = (
					"$(inherited)",
					"@executable_path/Frameworks",
				);
				MARKETING_VERSION = 1.0;
				PRODUCT_BUNDLE_IDENTIFIER = "com.procco.UCFS-TAS-HEEL.TasheelSDKDemo";
				PRODUCT_NAME = "$(TARGET_NAME)";
				SUPPORTED_PLATFORMS = "iphoneos iphonesimulator";
				SUPPORTS_MACCATALYST = NO;
				SUPPORTS_MAC_DESIGNED_FOR_IPHONE_IPAD = NO;
				SUPPORTS_XR_DESIGNED_FOR_IPHONE_IPAD = NO;
				SWIFT_EMIT_LOC_STRINGS = YES;
				SWIFT_VERSION = 5.0;
				TARGETED_DEVICE_FAMILY = "1,2";
			};
			name = Release;
		};
		076C95EA2B53FA5D00894CF0 /* Debug */ = {
			isa = XCBuildConfiguration;
			buildSettings = {
				ALWAYS_EMBED_SWIFT_STANDARD_LIBRARIES = YES;
				BUNDLE_LOADER = "$(TEST_HOST)";
				CODE_SIGN_STYLE = Automatic;
				CURRENT_PROJECT_VERSION = 1;
				DEVELOPMENT_TEAM = P8SNLSQ62F;
				GENERATE_INFOPLIST_FILE = YES;
				IPHONEOS_DEPLOYMENT_TARGET = 17.2;
				MARKETING_VERSION = 1.0;
				PRODUCT_BUNDLE_IDENTIFIER = "com.procco.UCFS-TAS-HEEL.TasheelSDKDemoTests";
				PRODUCT_NAME = "$(TARGET_NAME)";
				SWIFT_EMIT_LOC_STRINGS = NO;
				SWIFT_VERSION = 5.0;
				TARGETED_DEVICE_FAMILY = "1,2";
				TEST_HOST = "$(BUILT_PRODUCTS_DIR)/TasheelSDKDemo.app/$(BUNDLE_EXECUTABLE_FOLDER_PATH)/TasheelSDKDemo";
			};
			name = Debug;
		};
		076C95EB2B53FA5D00894CF0 /* Release */ = {
			isa = XCBuildConfiguration;
			buildSettings = {
				ALWAYS_EMBED_SWIFT_STANDARD_LIBRARIES = YES;
				BUNDLE_LOADER = "$(TEST_HOST)";
				CODE_SIGN_STYLE = Automatic;
				CURRENT_PROJECT_VERSION = 1;
				DEVELOPMENT_TEAM = P8SNLSQ62F;
				GENERATE_INFOPLIST_FILE = YES;
				IPHONEOS_DEPLOYMENT_TARGET = 17.2;
				MARKETING_VERSION = 1.0;
				PRODUCT_BUNDLE_IDENTIFIER = "com.procco.UCFS-TAS-HEEL.TasheelSDKDemoTests";
				PRODUCT_NAME = "$(TARGET_NAME)";
				SWIFT_EMIT_LOC_STRINGS = NO;
				SWIFT_VERSION = 5.0;
				TARGETED_DEVICE_FAMILY = "1,2";
				TEST_HOST = "$(BUILT_PRODUCTS_DIR)/TasheelSDKDemo.app/$(BUNDLE_EXECUTABLE_FOLDER_PATH)/TasheelSDKDemo";
			};
			name = Release;
		};
		076C95ED2B53FA5D00894CF0 /* Debug */ = {
			isa = XCBuildConfiguration;
			buildSettings = {
				ALWAYS_EMBED_SWIFT_STANDARD_LIBRARIES = YES;
				CODE_SIGN_STYLE = Automatic;
				CURRENT_PROJECT_VERSION = 1;
				DEVELOPMENT_TEAM = P8SNLSQ62F;
				GENERATE_INFOPLIST_FILE = YES;
				MARKETING_VERSION = 1.0;
				PRODUCT_BUNDLE_IDENTIFIER = "com.procco.UCFS-TAS-HEEL.TasheelSDKDemoUITests";
				PRODUCT_NAME = "$(TARGET_NAME)";
				SWIFT_EMIT_LOC_STRINGS = NO;
				SWIFT_VERSION = 5.0;
				TARGETED_DEVICE_FAMILY = "1,2";
				TEST_TARGET_NAME = TasheelSDKDemo;
			};
			name = Debug;
		};
		076C95EE2B53FA5D00894CF0 /* Release */ = {
			isa = XCBuildConfiguration;
			buildSettings = {
				ALWAYS_EMBED_SWIFT_STANDARD_LIBRARIES = YES;
				CODE_SIGN_STYLE = Automatic;
				CURRENT_PROJECT_VERSION = 1;
				DEVELOPMENT_TEAM = P8SNLSQ62F;
				GENERATE_INFOPLIST_FILE = YES;
				MARKETING_VERSION = 1.0;
				PRODUCT_BUNDLE_IDENTIFIER = "com.procco.UCFS-TAS-HEEL.TasheelSDKDemoUITests";
				PRODUCT_NAME = "$(TARGET_NAME)";
				SWIFT_EMIT_LOC_STRINGS = NO;
				SWIFT_VERSION = 5.0;
				TARGETED_DEVICE_FAMILY = "1,2";
				TEST_TARGET_NAME = TasheelSDKDemo;
			};
			name = Release;
		};
/* End XCBuildConfiguration section */

/* Begin XCConfigurationList section */
		076C95BD2B53FA5B00894CF0 /* Build configuration list for PBXProject "TasheelSDKDemo" */ = {
			isa = XCConfigurationList;
			buildConfigurations = (
				076C95E42B53FA5D00894CF0 /* Debug */,
				076C95E52B53FA5D00894CF0 /* Release */,
			);
			defaultConfigurationIsVisible = 0;
			defaultConfigurationName = Release;
		};
		076C95E62B53FA5D00894CF0 /* Build configuration list for PBXNativeTarget "TasheelSDKDemo" */ = {
			isa = XCConfigurationList;
			buildConfigurations = (
				076C95E72B53FA5D00894CF0 /* Debug */,
				076C95E82B53FA5D00894CF0 /* Release */,
			);
			defaultConfigurationIsVisible = 0;
			defaultConfigurationName = Release;
		};
		076C95E92B53FA5D00894CF0 /* Build configuration list for PBXNativeTarget "TasheelSDKDemoTests" */ = {
			isa = XCConfigurationList;
			buildConfigurations = (
				076C95EA2B53FA5D00894CF0 /* Debug */,
				076C95EB2B53FA5D00894CF0 /* Release */,
			);
			defaultConfigurationIsVisible = 0;
			defaultConfigurationName = Release;
		};
		076C95EC2B53FA5D00894CF0 /* Build configuration list for PBXNativeTarget "TasheelSDKDemoUITests" */ = {
			isa = XCConfigurationList;
			buildConfigurations = (
				076C95ED2B53FA5D00894CF0 /* Debug */,
				076C95EE2B53FA5D00894CF0 /* Release */,
			);
			defaultConfigurationIsVisible = 0;
			defaultConfigurationName = Release;
		};
/* End XCConfigurationList section */
	};
	rootObject = 076C95BA2B53FA5B00894CF0 /* Project object */;
}
